<Solution>
  <Folder Name="/Solution Items/">
    <File Path=".gitignore" />
    <File Path="README.md" />
    <File Path="Version.props" />
  </Folder>
  <Project Path="RallyXAutoSplitter.Tests/RallyXAutoSplitter.Tests.csproj" />
  <Project Path="RallyXAutoSplitter/RallyXAutoSplitter.csproj" />
</Solution>
